
Microsoft Visual Studio Solution File, Format Version 12.00
# Visual Studio 15
VisualStudioVersion = 15.0.27004.2009
MinimumVisualStudioVersion = 10.0.40219.1
Project("{9A19103F-16F7-4668-BE54-9A1E7A4F7556}") = "Sds.FileParser.Domain", "Sds.FileParser.Domain\Sds.FileParser.Domain.csproj", "{A31CD24B-2D75-4F1A-A887-DDC24E7A2283}"
EndProject
Project("{FAE04EC0-301F-11D3-BF4B-00C04F79EFBC}") = "Sds.SdfParser", "Sds.SdfParser\Sds.SdfParser.csproj", "{3F8787AC-BB73-401C-A54A-2E9CBE38EC87}"
EndProject
Project("{FAE04EC0-301F-11D3-BF4B-00C04F79EFBC}") = "Sds.SdfParser.Tests", "Sds.SdfParser.Tests\Sds.SdfParser.Tests.csproj", "{0B0AC3E1-7FCB-401C-B129-1EEACD896B23}"
EndProject
Project("{FAE04EC0-301F-11D3-BF4B-00C04F79EFBC}") = "Sds.CdxParser.Tests", "Sds.CdxParser.Tests\Sds.CdxParser.Tests.csproj", "{D2F3CCFD-3EB1-4ECE-A601-8CB875CE0BDC}"
EndProject
Project("{2150E333-8FDC-42A3-9474-1A3956D46DE8}") = "ChemicalFormats", "ChemicalFormats", "{8D64BE26-A1D0-489B-B068-C327A52FE350}"
EndProject
Project("{2150E333-8FDC-42A3-9474-1A3956D46DE8}") = "Nuget", "Nuget", "{3791136D-E5D3-4FD8-8923-417DB37AA7DB}"
	ProjectSection(SolutionItems) = preProject
		Sds.CdxParser.nuspec = Sds.CdxParser.nuspec
		Sds.CifParser.nuspec = Sds.CifParser.nuspec
		Sds.FileParser.Domain.nuspec = Sds.FileParser.Domain.nuspec
		Sds.JcampParser.nuspec = Sds.JcampParser.nuspec
		Sds.RdfParser.nuspec = Sds.RdfParser.nuspec
		Sds.SdfParser.nuspec = Sds.SdfParser.nuspec
	EndProjectSection
EndProject
Project("{2150E333-8FDC-42A3-9474-1A3956D46DE8}") = "ReactionFormats", "ReactionFormats", "{08FBA8D5-AD54-4615-87C6-1179A3AE4049}"
EndProject
Project("{FAE04EC0-301F-11D3-BF4B-00C04F79EFBC}") = "Sds.Jmol", "Sds.Jmol\Sds.Jmol.csproj", "{6DF1FDAC-B008-4C5B-AF32-C2C9EDD2AA3F}"
EndProject
Project("{FAE04EC0-301F-11D3-BF4B-00C04F79EFBC}") = "Sds.JSpecView", "Sds.JSpecView\Sds.JSpecView.csproj", "{3FED84D1-4BFB-40C2-B1D6-A4E5FA326476}"
EndProject
Project("{2150E333-8FDC-42A3-9474-1A3956D46DE8}") = "CrystalFormats", "CrystalFormats", "{466685EC-5AD8-4716-9320-81119A6C8B15}"
EndProject
Project("{2150E333-8FDC-42A3-9474-1A3956D46DE8}") = "SpectraFormats", "SpectraFormats", "{8E45A0E6-827F-454F-97A5-C84A9CECF12B}"
EndProject
Project("{FAE04EC0-301F-11D3-BF4B-00C04F79EFBC}") = "Sds.CdxParser", "Sds.CdxParser\Sds.CdxParser.csproj", "{54B5F99C-5BA7-416F-88A5-86F942B01FA8}"
EndProject
Project("{FAE04EC0-301F-11D3-BF4B-00C04F79EFBC}") = "Sds.CifParser", "Sds.CifParser\Sds.CifParser.csproj", "{D9926808-0D4B-4091-90FC-BE574118BD4F}"
EndProject
Project("{FAE04EC0-301F-11D3-BF4B-00C04F79EFBC}") = "Sds.CifParser.Tests", "Sds.CifParser.Tests\Sds.CifParser.Tests.csproj", "{35CF08B3-C965-49AD-AC0F-2AEDED4D15F2}"
EndProject
Project("{FAE04EC0-301F-11D3-BF4B-00C04F79EFBC}") = "Sds.RdfParser", "Sds.RdfParser\Sds.RdfParser.csproj", "{707864CE-7544-4563-8079-E10D1A2CDBF9}"
EndProject
Project("{FAE04EC0-301F-11D3-BF4B-00C04F79EFBC}") = "Sds.RdfParser.Tests", "Sds.RdfParser.Tests\Sds.RdfParser.Tests.csproj", "{C0975654-AC02-40AB-8528-1D0913F2FBB8}"
EndProject
Project("{FAE04EC0-301F-11D3-BF4B-00C04F79EFBC}") = "Sds.JcampParser", "Sds.JcampParser\Sds.JcampParser.csproj", "{63D741B8-6410-4FDC-8CCF-73E18DE67E21}"
EndProject
Project("{FAE04EC0-301F-11D3-BF4B-00C04F79EFBC}") = "Sds.JcampParser.Tests", "Sds.JcampParser.Tests\Sds.JcampParser.Tests.csproj", "{4A4CFE8A-77E0-4771-8650-EE5DCE8C2D0B}"
EndProject
Global
	GlobalSection(SolutionConfigurationPlatforms) = preSolution
		Debug|Any CPU = Debug|Any CPU
		Release|Any CPU = Release|Any CPU
		Uat|Any CPU = Uat|Any CPU
	EndGlobalSection
	GlobalSection(ProjectConfigurationPlatforms) = postSolution
		{A31CD24B-2D75-4F1A-A887-DDC24E7A2283}.Debug|Any CPU.ActiveCfg = Debug|Any CPU
		{A31CD24B-2D75-4F1A-A887-DDC24E7A2283}.Debug|Any CPU.Build.0 = Debug|Any CPU
		{A31CD24B-2D75-4F1A-A887-DDC24E7A2283}.Release|Any CPU.ActiveCfg = Release|Any CPU
		{A31CD24B-2D75-4F1A-A887-DDC24E7A2283}.Release|Any CPU.Build.0 = Release|Any CPU
		{A31CD24B-2D75-4F1A-A887-DDC24E7A2283}.Uat|Any CPU.ActiveCfg = Release|Any CPU
		{A31CD24B-2D75-4F1A-A887-DDC24E7A2283}.Uat|Any CPU.Build.0 = Release|Any CPU
		{3F8787AC-BB73-401C-A54A-2E9CBE38EC87}.Debug|Any CPU.ActiveCfg = Debug|Any CPU
		{3F8787AC-BB73-401C-A54A-2E9CBE38EC87}.Debug|Any CPU.Build.0 = Debug|Any CPU
		{3F8787AC-BB73-401C-A54A-2E9CBE38EC87}.Release|Any CPU.ActiveCfg = Release|Any CPU
		{3F8787AC-BB73-401C-A54A-2E9CBE38EC87}.Release|Any CPU.Build.0 = Release|Any CPU
		{3F8787AC-BB73-401C-A54A-2E9CBE38EC87}.Uat|Any CPU.ActiveCfg = Release|Any CPU
		{3F8787AC-BB73-401C-A54A-2E9CBE38EC87}.Uat|Any CPU.Build.0 = Release|Any CPU
		{0B0AC3E1-7FCB-401C-B129-1EEACD896B23}.Debug|Any CPU.ActiveCfg = Debug|Any CPU
		{0B0AC3E1-7FCB-401C-B129-1EEACD896B23}.Debug|Any CPU.Build.0 = Debug|Any CPU
		{0B0AC3E1-7FCB-401C-B129-1EEACD896B23}.Release|Any CPU.ActiveCfg = Release|Any CPU
		{0B0AC3E1-7FCB-401C-B129-1EEACD896B23}.Release|Any CPU.Build.0 = Release|Any CPU
		{0B0AC3E1-7FCB-401C-B129-1EEACD896B23}.Uat|Any CPU.ActiveCfg = Release|Any CPU
		{0B0AC3E1-7FCB-401C-B129-1EEACD896B23}.Uat|Any CPU.Build.0 = Release|Any CPU
		{D2F3CCFD-3EB1-4ECE-A601-8CB875CE0BDC}.Debug|Any CPU.ActiveCfg = Debug|Any CPU
		{D2F3CCFD-3EB1-4ECE-A601-8CB875CE0BDC}.Debug|Any CPU.Build.0 = Debug|Any CPU
		{D2F3CCFD-3EB1-4ECE-A601-8CB875CE0BDC}.Release|Any CPU.ActiveCfg = Release|Any CPU
		{D2F3CCFD-3EB1-4ECE-A601-8CB875CE0BDC}.Release|Any CPU.Build.0 = Release|Any CPU
		{D2F3CCFD-3EB1-4ECE-A601-8CB875CE0BDC}.Uat|Any CPU.ActiveCfg = Release|Any CPU
		{D2F3CCFD-3EB1-4ECE-A601-8CB875CE0BDC}.Uat|Any CPU.Build.0 = Release|Any CPU
		{6DF1FDAC-B008-4C5B-AF32-C2C9EDD2AA3F}.Debug|Any CPU.ActiveCfg = Debug|Any CPU
		{6DF1FDAC-B008-4C5B-AF32-C2C9EDD2AA3F}.Debug|Any CPU.Build.0 = Debug|Any CPU
		{6DF1FDAC-B008-4C5B-AF32-C2C9EDD2AA3F}.Release|Any CPU.ActiveCfg = Release|Any CPU
		{6DF1FDAC-B008-4C5B-AF32-C2C9EDD2AA3F}.Release|Any CPU.Build.0 = Release|Any CPU
		{6DF1FDAC-B008-4C5B-AF32-C2C9EDD2AA3F}.Uat|Any CPU.ActiveCfg = Uat|Any CPU
		{6DF1FDAC-B008-4C5B-AF32-C2C9EDD2AA3F}.Uat|Any CPU.Build.0 = Uat|Any CPU
		{3FED84D1-4BFB-40C2-B1D6-A4E5FA326476}.Debug|Any CPU.ActiveCfg = Debug|Any CPU
		{3FED84D1-4BFB-40C2-B1D6-A4E5FA326476}.Debug|Any CPU.Build.0 = Debug|Any CPU
		{3FED84D1-4BFB-40C2-B1D6-A4E5FA326476}.Release|Any CPU.ActiveCfg = Release|Any CPU
		{3FED84D1-4BFB-40C2-B1D6-A4E5FA326476}.Release|Any CPU.Build.0 = Release|Any CPU
		{3FED84D1-4BFB-40C2-B1D6-A4E5FA326476}.Uat|Any CPU.ActiveCfg = Uat|Any CPU
		{3FED84D1-4BFB-40C2-B1D6-A4E5FA326476}.Uat|Any CPU.Build.0 = Uat|Any CPU
		{54B5F99C-5BA7-416F-88A5-86F942B01FA8}.Debug|Any CPU.ActiveCfg = Debug|Any CPU
		{54B5F99C-5BA7-416F-88A5-86F942B01FA8}.Debug|Any CPU.Build.0 = Debug|Any CPU
		{54B5F99C-5BA7-416F-88A5-86F942B01FA8}.Release|Any CPU.ActiveCfg = Release|Any CPU
		{54B5F99C-5BA7-416F-88A5-86F942B01FA8}.Release|Any CPU.Build.0 = Release|Any CPU
		{54B5F99C-5BA7-416F-88A5-86F942B01FA8}.Uat|Any CPU.ActiveCfg = Release|Any CPU
		{54B5F99C-5BA7-416F-88A5-86F942B01FA8}.Uat|Any CPU.Build.0 = Release|Any CPU
		{D9926808-0D4B-4091-90FC-BE574118BD4F}.Debug|Any CPU.ActiveCfg = Debug|Any CPU
		{D9926808-0D4B-4091-90FC-BE574118BD4F}.Debug|Any CPU.Build.0 = Debug|Any CPU
		{D9926808-0D4B-4091-90FC-BE574118BD4F}.Release|Any CPU.ActiveCfg = Release|Any CPU
		{D9926808-0D4B-4091-90FC-BE574118BD4F}.Release|Any CPU.Build.0 = Release|Any CPU
		{D9926808-0D4B-4091-90FC-BE574118BD4F}.Uat|Any CPU.ActiveCfg = Release|Any CPU
		{D9926808-0D4B-4091-90FC-BE574118BD4F}.Uat|Any CPU.Build.0 = Release|Any CPU
		{35CF08B3-C965-49AD-AC0F-2AEDED4D15F2}.Debug|Any CPU.ActiveCfg = Debug|Any CPU
		{35CF08B3-C965-49AD-AC0F-2AEDED4D15F2}.Debug|Any CPU.Build.0 = Debug|Any CPU
		{35CF08B3-C965-49AD-AC0F-2AEDED4D15F2}.Release|Any CPU.ActiveCfg = Release|Any CPU
		{35CF08B3-C965-49AD-AC0F-2AEDED4D15F2}.Release|Any CPU.Build.0 = Release|Any CPU
		{35CF08B3-C965-49AD-AC0F-2AEDED4D15F2}.Uat|Any CPU.ActiveCfg = Release|Any CPU
		{35CF08B3-C965-49AD-AC0F-2AEDED4D15F2}.Uat|Any CPU.Build.0 = Release|Any CPU
		{707864CE-7544-4563-8079-E10D1A2CDBF9}.Debug|Any CPU.ActiveCfg = Debug|Any CPU
		{707864CE-7544-4563-8079-E10D1A2CDBF9}.Debug|Any CPU.Build.0 = Debug|Any CPU
		{707864CE-7544-4563-8079-E10D1A2CDBF9}.Release|Any CPU.ActiveCfg = Release|Any CPU
		{707864CE-7544-4563-8079-E10D1A2CDBF9}.Release|Any CPU.Build.0 = Release|Any CPU
		{707864CE-7544-4563-8079-E10D1A2CDBF9}.Uat|Any CPU.ActiveCfg = Release|Any CPU
		{707864CE-7544-4563-8079-E10D1A2CDBF9}.Uat|Any CPU.Build.0 = Release|Any CPU
		{C0975654-AC02-40AB-8528-1D0913F2FBB8}.Debug|Any CPU.ActiveCfg = Debug|Any CPU
		{C0975654-AC02-40AB-8528-1D0913F2FBB8}.Debug|Any CPU.Build.0 = Debug|Any CPU
		{C0975654-AC02-40AB-8528-1D0913F2FBB8}.Release|Any CPU.ActiveCfg = Release|Any CPU
		{C0975654-AC02-40AB-8528-1D0913F2FBB8}.Release|Any CPU.Build.0 = Release|Any CPU
		{C0975654-AC02-40AB-8528-1D0913F2FBB8}.Uat|Any CPU.ActiveCfg = Release|Any CPU
		{C0975654-AC02-40AB-8528-1D0913F2FBB8}.Uat|Any CPU.Build.0 = Release|Any CPU
		{63D741B8-6410-4FDC-8CCF-73E18DE67E21}.Debug|Any CPU.ActiveCfg = Debug|Any CPU
		{63D741B8-6410-4FDC-8CCF-73E18DE67E21}.Debug|Any CPU.Build.0 = Debug|Any CPU
		{63D741B8-6410-4FDC-8CCF-73E18DE67E21}.Release|Any CPU.ActiveCfg = Release|Any CPU
		{63D741B8-6410-4FDC-8CCF-73E18DE67E21}.Release|Any CPU.Build.0 = Release|Any CPU
		{63D741B8-6410-4FDC-8CCF-73E18DE67E21}.Uat|Any CPU.ActiveCfg = Release|Any CPU
		{63D741B8-6410-4FDC-8CCF-73E18DE67E21}.Uat|Any CPU.Build.0 = Release|Any CPU
		{4A4CFE8A-77E0-4771-8650-EE5DCE8C2D0B}.Debug|Any CPU.ActiveCfg = Debug|Any CPU
		{4A4CFE8A-77E0-4771-8650-EE5DCE8C2D0B}.Debug|Any CPU.Build.0 = Debug|Any CPU
		{4A4CFE8A-77E0-4771-8650-EE5DCE8C2D0B}.Release|Any CPU.ActiveCfg = Release|Any CPU
		{4A4CFE8A-77E0-4771-8650-EE5DCE8C2D0B}.Release|Any CPU.Build.0 = Release|Any CPU
		{4A4CFE8A-77E0-4771-8650-EE5DCE8C2D0B}.Uat|Any CPU.ActiveCfg = Release|Any CPU
		{4A4CFE8A-77E0-4771-8650-EE5DCE8C2D0B}.Uat|Any CPU.Build.0 = Release|Any CPU
	EndGlobalSection
	GlobalSection(SolutionProperties) = preSolution
		HideSolutionNode = FALSE
	EndGlobalSection
	GlobalSection(NestedProjects) = preSolution
		{3F8787AC-BB73-401C-A54A-2E9CBE38EC87} = {8D64BE26-A1D0-489B-B068-C327A52FE350}
		{0B0AC3E1-7FCB-401C-B129-1EEACD896B23} = {8D64BE26-A1D0-489B-B068-C327A52FE350}
		{D2F3CCFD-3EB1-4ECE-A601-8CB875CE0BDC} = {8D64BE26-A1D0-489B-B068-C327A52FE350}
		{54B5F99C-5BA7-416F-88A5-86F942B01FA8} = {8D64BE26-A1D0-489B-B068-C327A52FE350}
		{D9926808-0D4B-4091-90FC-BE574118BD4F} = {466685EC-5AD8-4716-9320-81119A6C8B15}
		{35CF08B3-C965-49AD-AC0F-2AEDED4D15F2} = {466685EC-5AD8-4716-9320-81119A6C8B15}
		{707864CE-7544-4563-8079-E10D1A2CDBF9} = {08FBA8D5-AD54-4615-87C6-1179A3AE4049}
		{C0975654-AC02-40AB-8528-1D0913F2FBB8} = {08FBA8D5-AD54-4615-87C6-1179A3AE4049}
		{63D741B8-6410-4FDC-8CCF-73E18DE67E21} = {8E45A0E6-827F-454F-97A5-C84A9CECF12B}
		{4A4CFE8A-77E0-4771-8650-EE5DCE8C2D0B} = {8E45A0E6-827F-454F-97A5-C84A9CECF12B}
	EndGlobalSection
	GlobalSection(ExtensibilityGlobals) = postSolution
		SolutionGuid = {90C1F70C-9CB8-49BD-AD74-7C3E4B9CCE0F}
	EndGlobalSection
EndGlobal
