
Microsoft Visual Studio Solution File, Format Version 12.00
# Visual Studio 15
VisualStudioVersion = 15.0.27004.2009
MinimumVisualStudioVersion = 10.0.40219.1
Project("{9A19103F-16F7-4668-BE54-9A1E7A4F7556}") = "Sds.MassTransit", "Sds.MassTransit\Sds.MassTransit.csproj", "{3C95387C-51D1-495B-A384-4B8850EC5FDD}"
EndProject
Project("{9A19103F-16F7-4668-BE54-9A1E7A4F7556}") = "Sds.MassTransit.AutofacIntegration", "Sds.MassTransit.AutofacIntegration\Sds.MassTransit.AutofacIntegration.csproj", "{D688EC6A-C0A9-49E4-A212-1BF7F066462E}"
EndProject
Project("{9A19103F-16F7-4668-BE54-9A1E7A4F7556}") = "Sds.MassTransit.MongoDb", "Sds.MassTransit.MongoDb\Sds.MassTransit.MongoDb.csproj", "{F4A5B031-D99C-4093-AFA7-7468F3E0B87D}"
EndProject
Project("{9A19103F-16F7-4668-BE54-9A1E7A4F7556}") = "Sds.MassTransit.RabbitMq", "Sds.MassTransit.RabbitMq\Sds.MassTransit.RabbitMq.csproj", "{2996C43D-26C4-4D07-A1FD-C12460312850}"
EndProject
Global
	GlobalSection(SolutionConfigurationPlatforms) = preSolution
		Debug|Any CPU = Debug|Any CPU
		Release|Any CPU = Release|Any CPU
	EndGlobalSection
	GlobalSection(ProjectConfigurationPlatforms) = postSolution
		{3C95387C-51D1-495B-A384-4B8850EC5FDD}.Debug|Any CPU.ActiveCfg = Debug|Any CPU
		{3C95387C-51D1-495B-A384-4B8850EC5FDD}.Debug|Any CPU.Build.0 = Debug|Any CPU
		{3C95387C-51D1-495B-A384-4B8850EC5FDD}.Release|Any CPU.ActiveCfg = Release|Any CPU
		{3C95387C-51D1-495B-A384-4B8850EC5FDD}.Release|Any CPU.Build.0 = Release|Any CPU
		{D688EC6A-C0A9-49E4-A212-1BF7F066462E}.Debug|Any CPU.ActiveCfg = Debug|Any CPU
		{D688EC6A-C0A9-49E4-A212-1BF7F066462E}.Debug|Any CPU.Build.0 = Debug|Any CPU
		{D688EC6A-C0A9-49E4-A212-1BF7F066462E}.Release|Any CPU.ActiveCfg = Release|Any CPU
		{D688EC6A-C0A9-49E4-A212-1BF7F066462E}.Release|Any CPU.Build.0 = Release|Any CPU
		{F4A5B031-D99C-4093-AFA7-7468F3E0B87D}.Debug|Any CPU.ActiveCfg = Debug|Any CPU
		{F4A5B031-D99C-4093-AFA7-7468F3E0B87D}.Debug|Any CPU.Build.0 = Debug|Any CPU
		{F4A5B031-D99C-4093-AFA7-7468F3E0B87D}.Release|Any CPU.ActiveCfg = Release|Any CPU
		{F4A5B031-D99C-4093-AFA7-7468F3E0B87D}.Release|Any CPU.Build.0 = Release|Any CPU
		{2996C43D-26C4-4D07-A1FD-C12460312850}.Debug|Any CPU.ActiveCfg = Debug|Any CPU
		{2996C43D-26C4-4D07-A1FD-C12460312850}.Debug|Any CPU.Build.0 = Debug|Any CPU
		{2996C43D-26C4-4D07-A1FD-C12460312850}.Release|Any CPU.ActiveCfg = Release|Any CPU
		{2996C43D-26C4-4D07-A1FD-C12460312850}.Release|Any CPU.Build.0 = Release|Any CPU
	EndGlobalSection
	GlobalSection(SolutionProperties) = preSolution
		HideSolutionNode = FALSE
	EndGlobalSection
	GlobalSection(ExtensibilityGlobals) = postSolution
		SolutionGuid = {05710464-E86D-4A9A-82DF-14EE4307A780}
	EndGlobalSection
EndGlobal
